// !$*UTF8*$!
{
	archiveVersion = 1;
	classes = {
	};
	objectVersion = 46;
	objects = {

/* Begin PBXBuildFile section */
		E4167ECD1C5E5FEE00BF563A /* GetBoardBodyUseCase.swift in Sources */ = {isa = PBXBuildFile; fileRef = E4167ECC1C5E5FEE00BF563A /* GetBoardBodyUseCase.swift */; };
		E41DD3E11C3AB33400FA6F93 /* BoardCollectionViewLayout.swift in Sources */ = {isa = PBXBuildFile; fileRef = E41DD3E01C3AB33400FA6F93 /* BoardCollectionViewLayout.swift */; };
		E424B0BA1C5C67B900F47235 /* cat.jpg in Resources */ = {isa = PBXBuildFile; fileRef = E424B0B91C5C67B900F47235 /* cat.jpg */; };
		E424B0BC1C5C6B8900F47235 /* HomeCollectionViewCell.swift in Sources */ = {isa = PBXBuildFile; fileRef = E424B0BB1C5C6B8900F47235 /* HomeCollectionViewCell.swift */; };
		E424B0BE1C5C6BCB00F47235 /* HomeCollectionViewLayout.swift in Sources */ = {isa = PBXBuildFile; fileRef = E424B0BD1C5C6BCB00F47235 /* HomeCollectionViewLayout.swift */; };
		E424B0C01C5C6DB200F47235 /* HomeCollectionView.swift in Sources */ = {isa = PBXBuildFile; fileRef = E424B0BF1C5C6DB200F47235 /* HomeCollectionView.swift */; };
		E42CA7A71C660EA700CA3D4C /* UseCase.swift in Sources */ = {isa = PBXBuildFile; fileRef = E42CA7A61C660EA700CA3D4C /* UseCase.swift */; };
		E42CA7AB1C66278100CA3D4C /* RepositoryContainer.swift in Sources */ = {isa = PBXBuildFile; fileRef = E42CA7AA1C66278100CA3D4C /* RepositoryContainer.swift */; };
		E45B9B3A1C6C8D2700299141 /* CreateNewBoardUseCase.swift in Sources */ = {isa = PBXBuildFile; fileRef = E45B9B391C6C8D2700299141 /* CreateNewBoardUseCase.swift */; };
		E45B9B3C1C6CCD5200299141 /* BoardBodyMapper.swift in Sources */ = {isa = PBXBuildFile; fileRef = E45B9B3B1C6CCD5200299141 /* BoardBodyMapper.swift */; };
		E45B9B3E1C6CD18F00299141 /* BoardPhotoMapper.swift in Sources */ = {isa = PBXBuildFile; fileRef = E45B9B3D1C6CD18F00299141 /* BoardPhotoMapper.swift */; };
		E46D4DCD1C37EA9000A8E12A /* CameraControllerFactory.swift in Sources */ = {isa = PBXBuildFile; fileRef = E46D4DCC1C37EA9000A8E12A /* CameraControllerFactory.swift */; };
		E46D4DCF1C37F10000A8E12A /* HomePresenter.swift in Sources */ = {isa = PBXBuildFile; fileRef = E46D4DCE1C37F10000A8E12A /* HomePresenter.swift */; };
		E46D4DD11C37F2DE00A8E12A /* BoardPresenter.swift in Sources */ = {isa = PBXBuildFile; fileRef = E46D4DD01C37F2DE00A8E12A /* BoardPresenter.swift */; };
		E46D4DD61C37FB3300A8E12A /* PresenterContainer.swift in Sources */ = {isa = PBXBuildFile; fileRef = E46D4DD51C37FB3300A8E12A /* PresenterContainer.swift */; };
		E4723D621C7B5E0C000D8235 /* BoardBodyDataStoreTestCase.swift in Sources */ = {isa = PBXBuildFile; fileRef = E4723D611C7B5E0C000D8235 /* BoardBodyDataStoreTestCase.swift */; };
		E4723D641C7B6256000D8235 /* BoardPhotoDataStoreTestCase.swift in Sources */ = {isa = PBXBuildFile; fileRef = E4723D631C7B6256000D8235 /* BoardPhotoDataStoreTestCase.swift */; };
		E4723D661C7B680C000D8235 /* BoardBodyDataRepositoryTestCase.swift in Sources */ = {isa = PBXBuildFile; fileRef = E4723D651C7B680C000D8235 /* BoardBodyDataRepositoryTestCase.swift */; };
		E4723D681C7CAA6B000D8235 /* BoardBodyMapperTestCase.swift in Sources */ = {isa = PBXBuildFile; fileRef = E4723D671C7CAA6B000D8235 /* BoardBodyMapperTestCase.swift */; };
		E4723D6A1C7CAC07000D8235 /* BoardPhotoMapperTestCase.swift in Sources */ = {isa = PBXBuildFile; fileRef = E4723D691C7CAC07000D8235 /* BoardPhotoMapperTestCase.swift */; };
		E4723D6C1C7CADC9000D8235 /* CoreDataEntityTestCase.swift in Sources */ = {isa = PBXBuildFile; fileRef = E4723D6B1C7CADC9000D8235 /* CoreDataEntityTestCase.swift */; };
		E4723D721C8188BC000D8235 /* DataStoreUtil.swift in Sources */ = {isa = PBXBuildFile; fileRef = E4723D711C8188BC000D8235 /* DataStoreUtil.swift */; };
		E4723D741C819F1A000D8235 /* BoardBodyTestCase.swift in Sources */ = {isa = PBXBuildFile; fileRef = E4723D731C819F1A000D8235 /* BoardBodyTestCase.swift */; };
		E4723D761C81A5F5000D8235 /* BoardPhotoTestCase.swift in Sources */ = {isa = PBXBuildFile; fileRef = E4723D751C81A5F4000D8235 /* BoardPhotoTestCase.swift */; };
		E4723D781C81A6CA000D8235 /* BoardInfoTestCase.swift in Sources */ = {isa = PBXBuildFile; fileRef = E4723D771C81A6CA000D8235 /* BoardInfoTestCase.swift */; };
		E4723D7D1C81BFB4000D8235 /* camera.png in Resources */ = {isa = PBXBuildFile; fileRef = E4723D7B1C81BFB4000D8235 /* camera.png */; };
		E4723D7E1C81BFB4000D8235 /* photo.png in Resources */ = {isa = PBXBuildFile; fileRef = E4723D7C1C81BFB4000D8235 /* photo.png */; };
		E4723D811C81C634000D8235 /* camera@2x.png in Resources */ = {isa = PBXBuildFile; fileRef = E4723D7F1C81C634000D8235 /* camera@2x.png */; };
		E4723D821C81C634000D8235 /* photo@2x.png in Resources */ = {isa = PBXBuildFile; fileRef = E4723D801C81C634000D8235 /* photo@2x.png */; };
		E475EB441C708888005E3F7A /* AddBoardPhotoUseCase.swift in Sources */ = {isa = PBXBuildFile; fileRef = E475EB431C708888005E3F7A /* AddBoardPhotoUseCase.swift */; };
		E475EB461C708A1C005E3F7A /* BoardBodyDataStore.swift in Sources */ = {isa = PBXBuildFile; fileRef = E475EB451C708A1C005E3F7A /* BoardBodyDataStore.swift */; };
		E475EB481C7216AF005E3F7A /* MoveBoardPhotoUseCase.swift in Sources */ = {isa = PBXBuildFile; fileRef = E475EB471C7216AE005E3F7A /* MoveBoardPhotoUseCase.swift */; };
		E475EB4C1C74BC52005E3F7A /* CoreDataEntity.swift in Sources */ = {isa = PBXBuildFile; fileRef = E475EB4B1C74BC52005E3F7A /* CoreDataEntity.swift */; };
		E475EB4E1C74C118005E3F7A /* CoreDataStore.swift in Sources */ = {isa = PBXBuildFile; fileRef = E475EB4D1C74C118005E3F7A /* CoreDataStore.swift */; };
		E475EB501C74C6D8005E3F7A /* BoardPhotoDataStore.swift in Sources */ = {isa = PBXBuildFile; fileRef = E475EB4F1C74C6D8005E3F7A /* BoardPhotoDataStore.swift */; };
		E475EB521C775EA3005E3F7A /* BoardBodyRepository.swift in Sources */ = {isa = PBXBuildFile; fileRef = E475EB511C775EA3005E3F7A /* BoardBodyRepository.swift */; };
		E475EB541C776003005E3F7A /* BoardDataBodyRepository.swift in Sources */ = {isa = PBXBuildFile; fileRef = E475EB531C776003005E3F7A /* BoardDataBodyRepository.swift */; };
		E475EB561C79A0A6005E3F7A /* BoardBodyViewModel.swift in Sources */ = {isa = PBXBuildFile; fileRef = E475EB551C79A0A6005E3F7A /* BoardBodyViewModel.swift */; };
		E47657ED1C40142400B10A7E /* DraggableCollectionDataSource.swift in Sources */ = {isa = PBXBuildFile; fileRef = E47657EC1C40142400B10A7E /* DraggableCollectionDataSource.swift */; };
		E47657EF1C411B1F00B10A7E /* DraggableCollectionSlideOnDrag.swift in Sources */ = {isa = PBXBuildFile; fileRef = E47657EE1C411B1F00B10A7E /* DraggableCollectionSlideOnDrag.swift */; };
		E48176001C64F4090005AF19 /* TaskManager.swift in Sources */ = {isa = PBXBuildFile; fileRef = E48175FF1C64F4090005AF19 /* TaskManager.swift */; };
		E48BB2731C39444800CE518A /* BoardCollectionViewCell.swift in Sources */ = {isa = PBXBuildFile; fileRef = E48BB2721C39444800CE518A /* BoardCollectionViewCell.swift */; };
		E48BB2751C39468A00CE518A /* BoardCollectionView.swift in Sources */ = {isa = PBXBuildFile; fileRef = E48BB2741C39468A00CE518A /* BoardCollectionView.swift */; };
		E48FA0331C5D208C00C88CB2 /* BoardInfo.swift in Sources */ = {isa = PBXBuildFile; fileRef = E48FA0321C5D208C00C88CB2 /* BoardInfo.swift */; };
		E48FA0351C5D20D200C88CB2 /* BoardBody.swift in Sources */ = {isa = PBXBuildFile; fileRef = E48FA0341C5D20D200C88CB2 /* BoardBody.swift */; };
		E48FA0371C5D20FD00C88CB2 /* BoadPhoto.swift in Sources */ = {isa = PBXBuildFile; fileRef = E48FA0361C5D20FD00C88CB2 /* BoadPhoto.swift */; };
		E48FA03C1C5DBDD300C88CB2 /* GetBoardInfoListUseCase.swift in Sources */ = {isa = PBXBuildFile; fileRef = E48FA03B1C5DBDD300C88CB2 /* GetBoardInfoListUseCase.swift */; };
		E48FA0401C5DC0AF00C88CB2 /* Task.swift in Sources */ = {isa = PBXBuildFile; fileRef = E48FA03F1C5DC0AF00C88CB2 /* Task.swift */; };
		E48FA04A1C5E2BF000C88CB2 /* photoboard.xcdatamodeld in Sources */ = {isa = PBXBuildFile; fileRef = E48FA0481C5E2BF000C88CB2 /* photoboard.xcdatamodeld */; };
		E492FE661C3C1A7300BA9784 /* DraggableCollectionView.swift in Sources */ = {isa = PBXBuildFile; fileRef = E492FE651C3C1A7300BA9784 /* DraggableCollectionView.swift */; };
		E4B64FD41C5F9E2C0091D9DC /* BoardInfoDataStore.swift in Sources */ = {isa = PBXBuildFile; fileRef = E4B64FD31C5F9E2C0091D9DC /* BoardInfoDataStore.swift */; };
		E4B64FD81C5FA1300091D9DC /* CoreDataManager.swift in Sources */ = {isa = PBXBuildFile; fileRef = E4B64FD71C5FA1300091D9DC /* CoreDataManager.swift */; };
		E4F1F48B1C678D1F006A06EF /* BoardInfoEntity+CoreDataProperties.swift in Sources */ = {isa = PBXBuildFile; fileRef = E4F1F4851C678D1F006A06EF /* BoardInfoEntity+CoreDataProperties.swift */; };
		E4F1F48C1C678D1F006A06EF /* BoardInfoEntity.swift in Sources */ = {isa = PBXBuildFile; fileRef = E4F1F4861C678D1F006A06EF /* BoardInfoEntity.swift */; };
		E4F1F48D1C678D1F006A06EF /* BoardBodyEntity+CoreDataProperties.swift in Sources */ = {isa = PBXBuildFile; fileRef = E4F1F4871C678D1F006A06EF /* BoardBodyEntity+CoreDataProperties.swift */; };
		E4F1F48E1C678D1F006A06EF /* BoardBodyEntity.swift in Sources */ = {isa = PBXBuildFile; fileRef = E4F1F4881C678D1F006A06EF /* BoardBodyEntity.swift */; };
		E4F1F48F1C678D1F006A06EF /* BoardPhotoEntity+CoreDataProperties.swift in Sources */ = {isa = PBXBuildFile; fileRef = E4F1F4891C678D1F006A06EF /* BoardPhotoEntity+CoreDataProperties.swift */; };
		E4F1F4901C678D1F006A06EF /* BoardPhotoEntity.swift in Sources */ = {isa = PBXBuildFile; fileRef = E4F1F48A1C678D1F006A06EF /* BoardPhotoEntity.swift */; };
		E4F1F4AF1C6A1AF4006A06EF /* CoreDataManagerTestCase.swift in Sources */ = {isa = PBXBuildFile; fileRef = E4F1F4AE1C6A1AF4006A06EF /* CoreDataManagerTestCase.swift */; };
		E4F1F4BA1C6A3589006A06EF /* BoardInfoDataStoreTestCase.swift in Sources */ = {isa = PBXBuildFile; fileRef = E4F1F4B91C6A3589006A06EF /* BoardInfoDataStoreTestCase.swift */; };
		E4F1F4BC1C6B9D5C006A06EF /* BoardInfoDataRepositoryTestCase.swift in Sources */ = {isa = PBXBuildFile; fileRef = E4F1F4BB1C6B9D5C006A06EF /* BoardInfoDataRepositoryTestCase.swift */; };
		E4F1F4BE1C6B9EE7006A06EF /* BoardInfoMapperTestCase.swift in Sources */ = {isa = PBXBuildFile; fileRef = E4F1F4BD1C6B9EE7006A06EF /* BoardInfoMapperTestCase.swift */; };
		E4F5087D1C63B50D007E8065 /* BoardInfoMapper.swift in Sources */ = {isa = PBXBuildFile; fileRef = E4F5087C1C63B50D007E8065 /* BoardInfoMapper.swift */; };
		E4F508801C64D218007E8065 /* BoardInfoDataRepository.swift in Sources */ = {isa = PBXBuildFile; fileRef = E4F5087F1C64D218007E8065 /* BoardInfoDataRepository.swift */; };
		E4F508821C64D28C007E8065 /* BoardInfoRepository.swift in Sources */ = {isa = PBXBuildFile; fileRef = E4F508811C64D28C007E8065 /* BoardInfoRepository.swift */; };
		E4F9FA2F1C35260B0016F0AC /* AppDelegate.swift in Sources */ = {isa = PBXBuildFile; fileRef = E4F9FA2E1C35260B0016F0AC /* AppDelegate.swift */; };
		E4F9FA311C35260B0016F0AC /* HomeViewController.swift in Sources */ = {isa = PBXBuildFile; fileRef = E4F9FA301C35260B0016F0AC /* HomeViewController.swift */; };
		E4F9FA341C35260B0016F0AC /* Main.storyboard in Resources */ = {isa = PBXBuildFile; fileRef = E4F9FA321C35260B0016F0AC /* Main.storyboard */; };
		E4F9FA391C35260B0016F0AC /* LaunchScreen.storyboard in Resources */ = {isa = PBXBuildFile; fileRef = E4F9FA371C35260B0016F0AC /* LaunchScreen.storyboard */; };
		E4F9FA441C35260B0016F0AC /* photoboardTests.swift in Sources */ = {isa = PBXBuildFile; fileRef = E4F9FA431C35260B0016F0AC /* photoboardTests.swift */; };
		E4F9FA4F1C35260B0016F0AC /* photoboardUITests.swift in Sources */ = {isa = PBXBuildFile; fileRef = E4F9FA4E1C35260B0016F0AC /* photoboardUITests.swift */; };
		E4F9FA5D1C366E380016F0AC /* BoardViewController.swift in Sources */ = {isa = PBXBuildFile; fileRef = E4F9FA5C1C366E380016F0AC /* BoardViewController.swift */; };
/* End PBXBuildFile section */

/* Begin PBXContainerItemProxy section */
		E4F9FA401C35260B0016F0AC /* PBXContainerItemProxy */ = {
			isa = PBXContainerItemProxy;
			containerPortal = E4F9FA231C35260B0016F0AC /* Project object */;
			proxyType = 1;
			remoteGlobalIDString = E4F9FA2A1C35260B0016F0AC;
			remoteInfo = photoboard;
		};
		E4F9FA4B1C35260B0016F0AC /* PBXContainerItemProxy */ = {
			isa = PBXContainerItemProxy;
			containerPortal = E4F9FA231C35260B0016F0AC /* Project object */;
			proxyType = 1;
			remoteGlobalIDString = E4F9FA2A1C35260B0016F0AC;
			remoteInfo = photoboard;
		};
/* End PBXContainerItemProxy section */

/* Begin PBXFileReference section */
		E4167ECC1C5E5FEE00BF563A /* GetBoardBodyUseCase.swift */ = {isa = PBXFileReference; fileEncoding = 4; lastKnownFileType = sourcecode.swift; path = GetBoardBodyUseCase.swift; sourceTree = "<group>"; };
		E41DD3E01C3AB33400FA6F93 /* BoardCollectionViewLayout.swift */ = {isa = PBXFileReference; fileEncoding = 4; lastKnownFileType = sourcecode.swift; path = BoardCollectionViewLayout.swift; sourceTree = "<group>"; };
		E424B0B91C5C67B900F47235 /* cat.jpg */ = {isa = PBXFileReference; lastKnownFileType = image.jpeg; name = cat.jpg; path = ../../cat.jpg; sourceTree = "<group>"; };
		E424B0BB1C5C6B8900F47235 /* HomeCollectionViewCell.swift */ = {isa = PBXFileReference; fileEncoding = 4; lastKnownFileType = sourcecode.swift; path = HomeCollectionViewCell.swift; sourceTree = "<group>"; };
		E424B0BD1C5C6BCB00F47235 /* HomeCollectionViewLayout.swift */ = {isa = PBXFileReference; fileEncoding = 4; lastKnownFileType = sourcecode.swift; path = HomeCollectionViewLayout.swift; sourceTree = "<group>"; };
		E424B0BF1C5C6DB200F47235 /* HomeCollectionView.swift */ = {isa = PBXFileReference; fileEncoding = 4; lastKnownFileType = sourcecode.swift; path = HomeCollectionView.swift; sourceTree = "<group>"; };
		E42CA7A61C660EA700CA3D4C /* UseCase.swift */ = {isa = PBXFileReference; fileEncoding = 4; lastKnownFileType = sourcecode.swift; path = UseCase.swift; sourceTree = "<group>"; };
		E42CA7AA1C66278100CA3D4C /* RepositoryContainer.swift */ = {isa = PBXFileReference; fileEncoding = 4; lastKnownFileType = sourcecode.swift; path = RepositoryContainer.swift; sourceTree = "<group>"; };
		E45B9B391C6C8D2700299141 /* CreateNewBoardUseCase.swift */ = {isa = PBXFileReference; fileEncoding = 4; lastKnownFileType = sourcecode.swift; path = CreateNewBoardUseCase.swift; sourceTree = "<group>"; };
		E45B9B3B1C6CCD5200299141 /* BoardBodyMapper.swift */ = {isa = PBXFileReference; fileEncoding = 4; lastKnownFileType = sourcecode.swift; path = BoardBodyMapper.swift; sourceTree = "<group>"; };
		E45B9B3D1C6CD18F00299141 /* BoardPhotoMapper.swift */ = {isa = PBXFileReference; fileEncoding = 4; lastKnownFileType = sourcecode.swift; path = BoardPhotoMapper.swift; sourceTree = "<group>"; };
		E46D4DCC1C37EA9000A8E12A /* CameraControllerFactory.swift */ = {isa = PBXFileReference; fileEncoding = 4; lastKnownFileType = sourcecode.swift; path = CameraControllerFactory.swift; sourceTree = "<group>"; };
		E46D4DCE1C37F10000A8E12A /* HomePresenter.swift */ = {isa = PBXFileReference; fileEncoding = 4; lastKnownFileType = sourcecode.swift; path = HomePresenter.swift; sourceTree = "<group>"; };
		E46D4DD01C37F2DE00A8E12A /* BoardPresenter.swift */ = {isa = PBXFileReference; fileEncoding = 4; lastKnownFileType = sourcecode.swift; path = BoardPresenter.swift; sourceTree = "<group>"; };
		E46D4DD51C37FB3300A8E12A /* PresenterContainer.swift */ = {isa = PBXFileReference; fileEncoding = 4; lastKnownFileType = sourcecode.swift; path = PresenterContainer.swift; sourceTree = "<group>"; };
		E4723D611C7B5E0C000D8235 /* BoardBodyDataStoreTestCase.swift */ = {isa = PBXFileReference; fileEncoding = 4; lastKnownFileType = sourcecode.swift; path = BoardBodyDataStoreTestCase.swift; sourceTree = "<group>"; };
		E4723D631C7B6256000D8235 /* BoardPhotoDataStoreTestCase.swift */ = {isa = PBXFileReference; fileEncoding = 4; lastKnownFileType = sourcecode.swift; path = BoardPhotoDataStoreTestCase.swift; sourceTree = "<group>"; };
		E4723D651C7B680C000D8235 /* BoardBodyDataRepositoryTestCase.swift */ = {isa = PBXFileReference; fileEncoding = 4; lastKnownFileType = sourcecode.swift; path = BoardBodyDataRepositoryTestCase.swift; sourceTree = "<group>"; };
		E4723D671C7CAA6B000D8235 /* BoardBodyMapperTestCase.swift */ = {isa = PBXFileReference; fileEncoding = 4; lastKnownFileType = sourcecode.swift; path = BoardBodyMapperTestCase.swift; sourceTree = "<group>"; };
		E4723D691C7CAC07000D8235 /* BoardPhotoMapperTestCase.swift */ = {isa = PBXFileReference; fileEncoding = 4; lastKnownFileType = sourcecode.swift; path = BoardPhotoMapperTestCase.swift; sourceTree = "<group>"; };
		E4723D6B1C7CADC9000D8235 /* CoreDataEntityTestCase.swift */ = {isa = PBXFileReference; fileEncoding = 4; lastKnownFileType = sourcecode.swift; path = CoreDataEntityTestCase.swift; sourceTree = "<group>"; };
		E4723D711C8188BC000D8235 /* DataStoreUtil.swift */ = {isa = PBXFileReference; fileEncoding = 4; lastKnownFileType = sourcecode.swift; path = DataStoreUtil.swift; sourceTree = "<group>"; };
		E4723D731C819F1A000D8235 /* BoardBodyTestCase.swift */ = {isa = PBXFileReference; fileEncoding = 4; lastKnownFileType = sourcecode.swift; path = BoardBodyTestCase.swift; sourceTree = "<group>"; };
		E4723D751C81A5F4000D8235 /* BoardPhotoTestCase.swift */ = {isa = PBXFileReference; fileEncoding = 4; lastKnownFileType = sourcecode.swift; path = BoardPhotoTestCase.swift; sourceTree = "<group>"; };
		E4723D771C81A6CA000D8235 /* BoardInfoTestCase.swift */ = {isa = PBXFileReference; fileEncoding = 4; lastKnownFileType = sourcecode.swift; path = BoardInfoTestCase.swift; sourceTree = "<group>"; };
		E4723D7B1C81BFB4000D8235 /* camera.png */ = {isa = PBXFileReference; lastKnownFileType = image.png; path = camera.png; sourceTree = "<group>"; };
		E4723D7C1C81BFB4000D8235 /* photo.png */ = {isa = PBXFileReference; lastKnownFileType = image.png; path = photo.png; sourceTree = "<group>"; };
		E4723D7F1C81C634000D8235 /* camera@2x.png */ = {isa = PBXFileReference; lastKnownFileType = image.png; path = "camera@2x.png"; sourceTree = "<group>"; };
		E4723D801C81C634000D8235 /* photo@2x.png */ = {isa = PBXFileReference; lastKnownFileType = image.png; path = "photo@2x.png"; sourceTree = "<group>"; };
		E475EB431C708888005E3F7A /* AddBoardPhotoUseCase.swift */ = {isa = PBXFileReference; fileEncoding = 4; lastKnownFileType = sourcecode.swift; path = AddBoardPhotoUseCase.swift; sourceTree = "<group>"; };
		E475EB451C708A1C005E3F7A /* BoardBodyDataStore.swift */ = {isa = PBXFileReference; fileEncoding = 4; lastKnownFileType = sourcecode.swift; path = BoardBodyDataStore.swift; sourceTree = "<group>"; };
		E475EB471C7216AE005E3F7A /* MoveBoardPhotoUseCase.swift */ = {isa = PBXFileReference; fileEncoding = 4; lastKnownFileType = sourcecode.swift; path = MoveBoardPhotoUseCase.swift; sourceTree = "<group>"; };
		E475EB4B1C74BC52005E3F7A /* CoreDataEntity.swift */ = {isa = PBXFileReference; fileEncoding = 4; lastKnownFileType = sourcecode.swift; path = CoreDataEntity.swift; sourceTree = "<group>"; };
		E475EB4D1C74C118005E3F7A /* CoreDataStore.swift */ = {isa = PBXFileReference; fileEncoding = 4; lastKnownFileType = sourcecode.swift; path = CoreDataStore.swift; sourceTree = "<group>"; };
		E475EB4F1C74C6D8005E3F7A /* BoardPhotoDataStore.swift */ = {isa = PBXFileReference; fileEncoding = 4; lastKnownFileType = sourcecode.swift; path = BoardPhotoDataStore.swift; sourceTree = "<group>"; };
		E475EB511C775EA3005E3F7A /* BoardBodyRepository.swift */ = {isa = PBXFileReference; fileEncoding = 4; lastKnownFileType = sourcecode.swift; path = BoardBodyRepository.swift; sourceTree = "<group>"; };
		E475EB531C776003005E3F7A /* BoardDataBodyRepository.swift */ = {isa = PBXFileReference; fileEncoding = 4; lastKnownFileType = sourcecode.swift; path = BoardDataBodyRepository.swift; sourceTree = "<group>"; };
		E475EB551C79A0A6005E3F7A /* BoardBodyViewModel.swift */ = {isa = PBXFileReference; fileEncoding = 4; lastKnownFileType = sourcecode.swift; path = BoardBodyViewModel.swift; sourceTree = "<group>"; };
		E47657EC1C40142400B10A7E /* DraggableCollectionDataSource.swift */ = {isa = PBXFileReference; fileEncoding = 4; lastKnownFileType = sourcecode.swift; path = DraggableCollectionDataSource.swift; sourceTree = "<group>"; };
		E47657EE1C411B1F00B10A7E /* DraggableCollectionSlideOnDrag.swift */ = {isa = PBXFileReference; fileEncoding = 4; lastKnownFileType = sourcecode.swift; path = DraggableCollectionSlideOnDrag.swift; sourceTree = "<group>"; };
		E48175FF1C64F4090005AF19 /* TaskManager.swift */ = {isa = PBXFileReference; fileEncoding = 4; lastKnownFileType = sourcecode.swift; path = TaskManager.swift; sourceTree = "<group>"; };
		E48BB2721C39444800CE518A /* BoardCollectionViewCell.swift */ = {isa = PBXFileReference; fileEncoding = 4; lastKnownFileType = sourcecode.swift; path = BoardCollectionViewCell.swift; sourceTree = "<group>"; };
		E48BB2741C39468A00CE518A /* BoardCollectionView.swift */ = {isa = PBXFileReference; fileEncoding = 4; lastKnownFileType = sourcecode.swift; path = BoardCollectionView.swift; sourceTree = "<group>"; };
		E48FA0321C5D208C00C88CB2 /* BoardInfo.swift */ = {isa = PBXFileReference; fileEncoding = 4; lastKnownFileType = sourcecode.swift; path = BoardInfo.swift; sourceTree = "<group>"; };
		E48FA0341C5D20D200C88CB2 /* BoardBody.swift */ = {isa = PBXFileReference; fileEncoding = 4; lastKnownFileType = sourcecode.swift; path = BoardBody.swift; sourceTree = "<group>"; };
		E48FA0361C5D20FD00C88CB2 /* BoadPhoto.swift */ = {isa = PBXFileReference; fileEncoding = 4; lastKnownFileType = sourcecode.swift; path = BoadPhoto.swift; sourceTree = "<group>"; };
		E48FA03B1C5DBDD300C88CB2 /* GetBoardInfoListUseCase.swift */ = {isa = PBXFileReference; fileEncoding = 4; lastKnownFileType = sourcecode.swift; path = GetBoardInfoListUseCase.swift; sourceTree = "<group>"; };
		E48FA03F1C5DC0AF00C88CB2 /* Task.swift */ = {isa = PBXFileReference; fileEncoding = 4; lastKnownFileType = sourcecode.swift; path = Task.swift; sourceTree = "<group>"; };
		E48FA0491C5E2BF000C88CB2 /* photoboard.xcdatamodel */ = {isa = PBXFileReference; lastKnownFileType = wrapper.xcdatamodel; path = photoboard.xcdatamodel; sourceTree = "<group>"; };
		E492FE621C3BF56F00BA9784 /* photoboard.app */ = {isa = PBXFileReference; explicitFileType = wrapper.application; includeInIndex = 0; path = photoboard.app; sourceTree = BUILT_PRODUCTS_DIR; };
		E492FE651C3C1A7300BA9784 /* DraggableCollectionView.swift */ = {isa = PBXFileReference; fileEncoding = 4; lastKnownFileType = sourcecode.swift; path = DraggableCollectionView.swift; sourceTree = "<group>"; };
		E4B64FD31C5F9E2C0091D9DC /* BoardInfoDataStore.swift */ = {isa = PBXFileReference; fileEncoding = 4; lastKnownFileType = sourcecode.swift; path = BoardInfoDataStore.swift; sourceTree = "<group>"; };
		E4B64FD71C5FA1300091D9DC /* CoreDataManager.swift */ = {isa = PBXFileReference; fileEncoding = 4; lastKnownFileType = sourcecode.swift; path = CoreDataManager.swift; sourceTree = "<group>"; };
		E4F1F4851C678D1F006A06EF /* BoardInfoEntity+CoreDataProperties.swift */ = {isa = PBXFileReference; fileEncoding = 4; lastKnownFileType = sourcecode.swift; path = "BoardInfoEntity+CoreDataProperties.swift"; sourceTree = "<group>"; };
		E4F1F4861C678D1F006A06EF /* BoardInfoEntity.swift */ = {isa = PBXFileReference; fileEncoding = 4; lastKnownFileType = sourcecode.swift; path = BoardInfoEntity.swift; sourceTree = "<group>"; };
		E4F1F4871C678D1F006A06EF /* BoardBodyEntity+CoreDataProperties.swift */ = {isa = PBXFileReference; fileEncoding = 4; lastKnownFileType = sourcecode.swift; path = "BoardBodyEntity+CoreDataProperties.swift"; sourceTree = "<group>"; };
		E4F1F4881C678D1F006A06EF /* BoardBodyEntity.swift */ = {isa = PBXFileReference; fileEncoding = 4; lastKnownFileType = sourcecode.swift; path = BoardBodyEntity.swift; sourceTree = "<group>"; };
		E4F1F4891C678D1F006A06EF /* BoardPhotoEntity+CoreDataProperties.swift */ = {isa = PBXFileReference; fileEncoding = 4; lastKnownFileType = sourcecode.swift; path = "BoardPhotoEntity+CoreDataProperties.swift"; sourceTree = "<group>"; };
		E4F1F48A1C678D1F006A06EF /* BoardPhotoEntity.swift */ = {isa = PBXFileReference; fileEncoding = 4; lastKnownFileType = sourcecode.swift; path = BoardPhotoEntity.swift; sourceTree = "<group>"; };
		E4F1F4AE1C6A1AF4006A06EF /* CoreDataManagerTestCase.swift */ = {isa = PBXFileReference; fileEncoding = 4; lastKnownFileType = sourcecode.swift; path = CoreDataManagerTestCase.swift; sourceTree = "<group>"; };
		E4F1F4B71C6A2554006A06EF /* photoboardTests.xctest */ = {isa = PBXFileReference; explicitFileType = wrapper.cfbundle; includeInIndex = 0; path = photoboardTests.xctest; sourceTree = BUILT_PRODUCTS_DIR; };
		E4F1F4B81C6A2570006A06EF /* photoboardUITests.xctest */ = {isa = PBXFileReference; explicitFileType = wrapper.cfbundle; includeInIndex = 0; path = photoboardUITests.xctest; sourceTree = BUILT_PRODUCTS_DIR; };
		E4F1F4B91C6A3589006A06EF /* BoardInfoDataStoreTestCase.swift */ = {isa = PBXFileReference; fileEncoding = 4; lastKnownFileType = sourcecode.swift; path = BoardInfoDataStoreTestCase.swift; sourceTree = "<group>"; };
		E4F1F4BB1C6B9D5C006A06EF /* BoardInfoDataRepositoryTestCase.swift */ = {isa = PBXFileReference; fileEncoding = 4; lastKnownFileType = sourcecode.swift; path = BoardInfoDataRepositoryTestCase.swift; sourceTree = "<group>"; };
		E4F1F4BD1C6B9EE7006A06EF /* BoardInfoMapperTestCase.swift */ = {isa = PBXFileReference; fileEncoding = 4; lastKnownFileType = sourcecode.swift; path = BoardInfoMapperTestCase.swift; sourceTree = "<group>"; };
		E4F5087C1C63B50D007E8065 /* BoardInfoMapper.swift */ = {isa = PBXFileReference; fileEncoding = 4; lastKnownFileType = sourcecode.swift; path = BoardInfoMapper.swift; sourceTree = "<group>"; };
		E4F5087F1C64D218007E8065 /* BoardInfoDataRepository.swift */ = {isa = PBXFileReference; fileEncoding = 4; lastKnownFileType = sourcecode.swift; path = BoardInfoDataRepository.swift; sourceTree = "<group>"; };
		E4F508811C64D28C007E8065 /* BoardInfoRepository.swift */ = {isa = PBXFileReference; fileEncoding = 4; lastKnownFileType = sourcecode.swift; path = BoardInfoRepository.swift; sourceTree = "<group>"; };
		E4F9FA2E1C35260B0016F0AC /* AppDelegate.swift */ = {isa = PBXFileReference; lastKnownFileType = sourcecode.swift; path = AppDelegate.swift; sourceTree = "<group>"; };
		E4F9FA301C35260B0016F0AC /* HomeViewController.swift */ = {isa = PBXFileReference; lastKnownFileType = sourcecode.swift; path = HomeViewController.swift; sourceTree = "<group>"; };
		E4F9FA331C35260B0016F0AC /* Base */ = {isa = PBXFileReference; lastKnownFileType = file.storyboard; name = Base; path = Base.lproj/Main.storyboard; sourceTree = "<group>"; };
		E4F9FA381C35260B0016F0AC /* Base */ = {isa = PBXFileReference; lastKnownFileType = file.storyboard; name = Base; path = Base.lproj/LaunchScreen.storyboard; sourceTree = "<group>"; };
		E4F9FA3A1C35260B0016F0AC /* Info.plist */ = {isa = PBXFileReference; lastKnownFileType = text.plist.xml; path = Info.plist; sourceTree = "<group>"; };
		E4F9FA431C35260B0016F0AC /* photoboardTests.swift */ = {isa = PBXFileReference; lastKnownFileType = sourcecode.swift; path = photoboardTests.swift; sourceTree = "<group>"; };
		E4F9FA451C35260B0016F0AC /* Info.plist */ = {isa = PBXFileReference; lastKnownFileType = text.plist.xml; path = Info.plist; sourceTree = "<group>"; };
		E4F9FA4E1C35260B0016F0AC /* photoboardUITests.swift */ = {isa = PBXFileReference; lastKnownFileType = sourcecode.swift; path = photoboardUITests.swift; sourceTree = "<group>"; };
		E4F9FA501C35260B0016F0AC /* Info.plist */ = {isa = PBXFileReference; lastKnownFileType = text.plist.xml; path = Info.plist; sourceTree = "<group>"; };
		E4F9FA5C1C366E380016F0AC /* BoardViewController.swift */ = {isa = PBXFileReference; fileEncoding = 4; lastKnownFileType = sourcecode.swift; path = BoardViewController.swift; sourceTree = "<group>"; };
/* End PBXFileReference section */

/* Begin PBXFrameworksBuildPhase section */
		E4F9FA281C35260B0016F0AC /* Frameworks */ = {
			isa = PBXFrameworksBuildPhase;
			buildActionMask = 2147483647;
			files = (
			);
			runOnlyForDeploymentPostprocessing = 0;
		};
		E4F9FA3C1C35260B0016F0AC /* Frameworks */ = {
			isa = PBXFrameworksBuildPhase;
			buildActionMask = 2147483647;
			files = (
			);
			runOnlyForDeploymentPostprocessing = 0;
		};
		E4F9FA471C35260B0016F0AC /* Frameworks */ = {
			isa = PBXFrameworksBuildPhase;
			buildActionMask = 2147483647;
			files = (
			);
			runOnlyForDeploymentPostprocessing = 0;
		};
/* End PBXFrameworksBuildPhase section */

/* Begin PBXGroup section */
		E400E37F1C435FD20042A08F /* DraggableCollectionView */ = {
			isa = PBXGroup;
			children = (
				E492FE651C3C1A7300BA9784 /* DraggableCollectionView.swift */,
				E47657EC1C40142400B10A7E /* DraggableCollectionDataSource.swift */,
				E47657EE1C411B1F00B10A7E /* DraggableCollectionSlideOnDrag.swift */,
			);
			path = DraggableCollectionView;
			sourceTree = "<group>";
		};
		E424B0B71C5C65C100F47235 /* BoardView */ = {
			isa = PBXGroup;
			children = (
				E4F9FA5C1C366E380016F0AC /* BoardViewController.swift */,
				E48BB2741C39468A00CE518A /* BoardCollectionView.swift */,
				E48BB2721C39444800CE518A /* BoardCollectionViewCell.swift */,
				E41DD3E01C3AB33400FA6F93 /* BoardCollectionViewLayout.swift */,
				E475EB551C79A0A6005E3F7A /* BoardBodyViewModel.swift */,
			);
			path = BoardView;
			sourceTree = "<group>";
		};
		E424B0B81C5C65CA00F47235 /* HomeView */ = {
			isa = PBXGroup;
			children = (
				E4F9FA301C35260B0016F0AC /* HomeViewController.swift */,
				E424B0BB1C5C6B8900F47235 /* HomeCollectionViewCell.swift */,
				E424B0BD1C5C6BCB00F47235 /* HomeCollectionViewLayout.swift */,
				E424B0BF1C5C6DB200F47235 /* HomeCollectionView.swift */,
			);
			path = HomeView;
			sourceTree = "<group>";
		};
		E44E2D941C37CAEF00456E0E /* data */ = {
			isa = PBXGroup;
			children = (
				E48FA0481C5E2BF000C88CB2 /* photoboard.xcdatamodeld */,
				E4F5087E1C64CDE7007E8065 /* repository */,
				E4F5087B1C63B4DE007E8065 /* mapper */,
				E46D4DD81C38015C00A8E12A /* entity */,
			);
			path = data;
			sourceTree = "<group>";
		};
		E44E2D951C37CAF500456E0E /* domain */ = {
			isa = PBXGroup;
			children = (
				E46D4DDA1C38018A00A8E12A /* repository */,
				E46D4DD91C38016F00A8E12A /* usecase */,
				E46D4DD71C38014F00A8E12A /* model */,
			);
			path = domain;
			sourceTree = "<group>";
		};
		E44E2D961C37CAFF00456E0E /* presentation */ = {
			isa = PBXGroup;
			children = (
				E46D4DD41C37F93600A8E12A /* view */,
				E46D4DD31C37F93000A8E12A /* presenter */,
			);
			path = presentation;
			sourceTree = "<group>";
		};
		E46D4DD31C37F93000A8E12A /* presenter */ = {
			isa = PBXGroup;
			children = (
				E46D4DCE1C37F10000A8E12A /* HomePresenter.swift */,
				E46D4DD01C37F2DE00A8E12A /* BoardPresenter.swift */,
				E46D4DD51C37FB3300A8E12A /* PresenterContainer.swift */,
			);
			path = presenter;
			sourceTree = "<group>";
		};
		E46D4DD41C37F93600A8E12A /* view */ = {
			isa = PBXGroup;
			children = (
				E424B0B81C5C65CA00F47235 /* HomeView */,
				E424B0B71C5C65C100F47235 /* BoardView */,
				E400E37F1C435FD20042A08F /* DraggableCollectionView */,
				E46D4DCC1C37EA9000A8E12A /* CameraControllerFactory.swift */,
			);
			path = view;
			sourceTree = "<group>";
		};
		E46D4DD71C38014F00A8E12A /* model */ = {
			isa = PBXGroup;
			children = (
				E48FA0341C5D20D200C88CB2 /* BoardBody.swift */,
				E48FA0361C5D20FD00C88CB2 /* BoadPhoto.swift */,
				E48FA0321C5D208C00C88CB2 /* BoardInfo.swift */,
			);
			path = model;
			sourceTree = "<group>";
		};
		E46D4DD81C38015C00A8E12A /* entity */ = {
			isa = PBXGroup;
			children = (
				E4F1F4851C678D1F006A06EF /* BoardInfoEntity+CoreDataProperties.swift */,
				E4F1F4861C678D1F006A06EF /* BoardInfoEntity.swift */,
				E4F1F4871C678D1F006A06EF /* BoardBodyEntity+CoreDataProperties.swift */,
				E4F1F4881C678D1F006A06EF /* BoardBodyEntity.swift */,
				E4F1F4891C678D1F006A06EF /* BoardPhotoEntity+CoreDataProperties.swift */,
				E4F1F48A1C678D1F006A06EF /* BoardPhotoEntity.swift */,
				E475EB4B1C74BC52005E3F7A /* CoreDataEntity.swift */,
			);
			path = entity;
			sourceTree = "<group>";
		};
		E46D4DD91C38016F00A8E12A /* usecase */ = {
			isa = PBXGroup;
			children = (
				E48FA03B1C5DBDD300C88CB2 /* GetBoardInfoListUseCase.swift */,
				E4167ECC1C5E5FEE00BF563A /* GetBoardBodyUseCase.swift */,
				E42CA7A61C660EA700CA3D4C /* UseCase.swift */,
				E45B9B391C6C8D2700299141 /* CreateNewBoardUseCase.swift */,
				E475EB431C708888005E3F7A /* AddBoardPhotoUseCase.swift */,
				E475EB471C7216AE005E3F7A /* MoveBoardPhotoUseCase.swift */,
			);
			path = usecase;
			sourceTree = "<group>";
		};
		E46D4DDA1C38018A00A8E12A /* repository */ = {
			isa = PBXGroup;
			children = (
				E4F508811C64D28C007E8065 /* BoardInfoRepository.swift */,
				E475EB511C775EA3005E3F7A /* BoardBodyRepository.swift */,
				E42CA7AA1C66278100CA3D4C /* RepositoryContainer.swift */,
			);
			path = repository;
			sourceTree = "<group>";
		};
		E4723D701C81885E000D8235 /* util */ = {
			isa = PBXGroup;
			children = (
				E4723D711C8188BC000D8235 /* DataStoreUtil.swift */,
			);
			path = util;
			sourceTree = "<group>";
		};
		E4723D791C81BF5B000D8235 /* resource */ = {
			isa = PBXGroup;
			children = (
				E424B0B91C5C67B900F47235 /* cat.jpg */,
				E4723D7A1C81BF90000D8235 /* icon */,
			);
			path = resource;
			sourceTree = "<group>";
		};
		E4723D7A1C81BF90000D8235 /* icon */ = {
			isa = PBXGroup;
			children = (
				E4723D7B1C81BFB4000D8235 /* camera.png */,
				E4723D7C1C81BFB4000D8235 /* photo.png */,
				E4723D801C81C634000D8235 /* photo@2x.png */,
				E4723D7F1C81C634000D8235 /* camera@2x.png */,
			);
			path = icon;
			sourceTree = "<group>";
		};
		E48175FD1C64F3E10005AF19 /* util */ = {
			isa = PBXGroup;
			children = (
				E48175FE1C64F3ED0005AF19 /* task */,
			);
			path = util;
			sourceTree = "<group>";
		};
		E48175FE1C64F3ED0005AF19 /* task */ = {
			isa = PBXGroup;
			children = (
				E48FA03F1C5DC0AF00C88CB2 /* Task.swift */,
				E48175FF1C64F4090005AF19 /* TaskManager.swift */,
			);
			path = task;
			sourceTree = "<group>";
		};
		E4AEC1391C5E5A290084F8F5 /* dataStore */ = {
			isa = PBXGroup;
			children = (
				E4B64FD31C5F9E2C0091D9DC /* BoardInfoDataStore.swift */,
				E4B64FD71C5FA1300091D9DC /* CoreDataManager.swift */,
				E475EB451C708A1C005E3F7A /* BoardBodyDataStore.swift */,
				E475EB4F1C74C6D8005E3F7A /* BoardPhotoDataStore.swift */,
				E475EB4D1C74C118005E3F7A /* CoreDataStore.swift */,
			);
			path = dataStore;
			sourceTree = "<group>";
		};
		E4F1F4911C6A1653006A06EF /* data */ = {
			isa = PBXGroup;
			children = (
				E4F1F4971C6A177A006A06EF /* repository */,
				E4F1F4961C6A1770006A06EF /* mapper */,
				E4F1F4951C6A1762006A06EF /* entity */,
			);
			path = data;
			sourceTree = "<group>";
		};
		E4F1F4921C6A1724006A06EF /* domain */ = {
			isa = PBXGroup;
			children = (
				E4F1F4941C6A1744006A06EF /* usecase */,
				E4F1F4931C6A1737006A06EF /* model */,
			);
			path = domain;
			sourceTree = "<group>";
		};
		E4F1F4931C6A1737006A06EF /* model */ = {
			isa = PBXGroup;
			children = (
				E4723D731C819F1A000D8235 /* BoardBodyTestCase.swift */,
				E4723D751C81A5F4000D8235 /* BoardPhotoTestCase.swift */,
				E4723D771C81A6CA000D8235 /* BoardInfoTestCase.swift */,
			);
			path = model;
			sourceTree = "<group>";
		};
		E4F1F4941C6A1744006A06EF /* usecase */ = {
			isa = PBXGroup;
			children = (
			);
			path = usecase;
			sourceTree = "<group>";
		};
		E4F1F4951C6A1762006A06EF /* entity */ = {
			isa = PBXGroup;
			children = (
				E4723D6B1C7CADC9000D8235 /* CoreDataEntityTestCase.swift */,
			);
			path = entity;
			sourceTree = "<group>";
		};
		E4F1F4961C6A1770006A06EF /* mapper */ = {
			isa = PBXGroup;
			children = (
				E4F1F4BD1C6B9EE7006A06EF /* BoardInfoMapperTestCase.swift */,
				E4723D671C7CAA6B000D8235 /* BoardBodyMapperTestCase.swift */,
				E4723D691C7CAC07000D8235 /* BoardPhotoMapperTestCase.swift */,
			);
			path = mapper;
			sourceTree = "<group>";
		};
		E4F1F4971C6A177A006A06EF /* repository */ = {
			isa = PBXGroup;
			children = (
				E4F1F4AE1C6A1AF4006A06EF /* CoreDataManagerTestCase.swift */,
				E4F1F4B91C6A3589006A06EF /* BoardInfoDataStoreTestCase.swift */,
				E4F1F4BB1C6B9D5C006A06EF /* BoardInfoDataRepositoryTestCase.swift */,
				E4723D611C7B5E0C000D8235 /* BoardBodyDataStoreTestCase.swift */,
				E4723D631C7B6256000D8235 /* BoardPhotoDataStoreTestCase.swift */,
				E4723D651C7B680C000D8235 /* BoardBodyDataRepositoryTestCase.swift */,
			);
			path = repository;
			sourceTree = "<group>";
		};
		E4F5087B1C63B4DE007E8065 /* mapper */ = {
			isa = PBXGroup;
			children = (
				E4F5087C1C63B50D007E8065 /* BoardInfoMapper.swift */,
				E45B9B3B1C6CCD5200299141 /* BoardBodyMapper.swift */,
				E45B9B3D1C6CD18F00299141 /* BoardPhotoMapper.swift */,
			);
			path = mapper;
			sourceTree = "<group>";
		};
		E4F5087E1C64CDE7007E8065 /* repository */ = {
			isa = PBXGroup;
			children = (
				E4AEC1391C5E5A290084F8F5 /* dataStore */,
				E4F5087F1C64D218007E8065 /* BoardInfoDataRepository.swift */,
				E475EB531C776003005E3F7A /* BoardDataBodyRepository.swift */,
			);
			path = repository;
			sourceTree = "<group>";
		};
		E4F9FA221C35260B0016F0AC = {
			isa = PBXGroup;
			children = (
				E4F9FA2D1C35260B0016F0AC /* photoboard */,
				E4F9FA421C35260B0016F0AC /* photoboardTests */,
				E4F9FA4D1C35260B0016F0AC /* photoboardUITests */,
				E492FE621C3BF56F00BA9784 /* photoboard.app */,
				E4F1F4B71C6A2554006A06EF /* photoboardTests.xctest */,
				E4F1F4B81C6A2570006A06EF /* photoboardUITests.xctest */,
			);
			sourceTree = "<group>";
		};
		E4F9FA2D1C35260B0016F0AC /* photoboard */ = {
			isa = PBXGroup;
			children = (
				E4723D791C81BF5B000D8235 /* resource */,
				E48175FD1C64F3E10005AF19 /* util */,
				E44E2D961C37CAFF00456E0E /* presentation */,
				E44E2D951C37CAF500456E0E /* domain */,
				E44E2D941C37CAEF00456E0E /* data */,
				E4F9FA2E1C35260B0016F0AC /* AppDelegate.swift */,
				E4F9FA321C35260B0016F0AC /* Main.storyboard */,
				E4F9FA371C35260B0016F0AC /* LaunchScreen.storyboard */,
				E4F9FA3A1C35260B0016F0AC /* Info.plist */,
			);
			path = photoboard;
			sourceTree = "<group>";
		};
		E4F9FA421C35260B0016F0AC /* photoboardTests */ = {
			isa = PBXGroup;
			children = (
				E4723D701C81885E000D8235 /* util */,
				E4F1F4921C6A1724006A06EF /* domain */,
				E4F1F4911C6A1653006A06EF /* data */,
				E4F9FA431C35260B0016F0AC /* photoboardTests.swift */,
				E4F9FA451C35260B0016F0AC /* Info.plist */,
			);
			path = photoboardTests;
			sourceTree = "<group>";
		};
		E4F9FA4D1C35260B0016F0AC /* photoboardUITests */ = {
			isa = PBXGroup;
			children = (
				E4F9FA4E1C35260B0016F0AC /* photoboardUITests.swift */,
				E4F9FA501C35260B0016F0AC /* Info.plist */,
			);
			path = photoboardUITests;
			sourceTree = "<group>";
		};
/* End PBXGroup section */

/* Begin PBXNativeTarget section */
		E4F9FA2A1C35260B0016F0AC /* photoboard */ = {
			isa = PBXNativeTarget;
			buildConfigurationList = E4F9FA531C35260B0016F0AC /* Build configuration list for PBXNativeTarget "photoboard" */;
			buildPhases = (
				E4F9FA271C35260B0016F0AC /* Sources */,
				E4F9FA281C35260B0016F0AC /* Frameworks */,
				E4F9FA291C35260B0016F0AC /* Resources */,
				E4723D6D1C7F4B2E000D8235 /* ShellScript */,
			);
			buildRules = (
			);
			dependencies = (
			);
			name = photoboard;
			productName = photoboard;
			productReference = E492FE621C3BF56F00BA9784 /* photoboard.app */;
			productType = "com.apple.product-type.application";
		};
		E4F9FA3E1C35260B0016F0AC /* photoboardTests */ = {
			isa = PBXNativeTarget;
			buildConfigurationList = E4F9FA561C35260B0016F0AC /* Build configuration list for PBXNativeTarget "photoboardTests" */;
			buildPhases = (
				E4F9FA3B1C35260B0016F0AC /* Sources */,
				E4F9FA3C1C35260B0016F0AC /* Frameworks */,
				E4F9FA3D1C35260B0016F0AC /* Resources */,
			);
			buildRules = (
			);
			dependencies = (
				E4F9FA411C35260B0016F0AC /* PBXTargetDependency */,
			);
			name = photoboardTests;
			productName = photoboardTests;
			productReference = E4F1F4B71C6A2554006A06EF /* photoboardTests.xctest */;
			productType = "com.apple.product-type.bundle.unit-test";
		};
		E4F9FA491C35260B0016F0AC /* photoboardUITests */ = {
			isa = PBXNativeTarget;
			buildConfigurationList = E4F9FA591C35260B0016F0AC /* Build configuration list for PBXNativeTarget "photoboardUITests" */;
			buildPhases = (
				E4F9FA461C35260B0016F0AC /* Sources */,
				E4F9FA471C35260B0016F0AC /* Frameworks */,
				E4F9FA481C35260B0016F0AC /* Resources */,
			);
			buildRules = (
			);
			dependencies = (
				E4F9FA4C1C35260B0016F0AC /* PBXTargetDependency */,
			);
			name = photoboardUITests;
			productName = photoboardUITests;
			productReference = E4F1F4B81C6A2570006A06EF /* photoboardUITests.xctest */;
			productType = "com.apple.product-type.bundle.ui-testing";
		};
/* End PBXNativeTarget section */

/* Begin PBXProject section */
		E4F9FA231C35260B0016F0AC /* Project object */ = {
			isa = PBXProject;
			attributes = {
				LastSwiftUpdateCheck = 0720;
				LastUpgradeCheck = 0720;
				ORGANIZATIONNAME = tohrinagi;
				TargetAttributes = {
					E4F9FA2A1C35260B0016F0AC = {
						CreatedOnToolsVersion = 7.2;
						DevelopmentTeam = NV9Q4SUXBS;
					};
					E4F9FA3E1C35260B0016F0AC = {
						CreatedOnToolsVersion = 7.2;
						TestTargetID = E4F9FA2A1C35260B0016F0AC;
					};
					E4F9FA491C35260B0016F0AC = {
						CreatedOnToolsVersion = 7.2;
						TestTargetID = E4F9FA2A1C35260B0016F0AC;
					};
				};
			};
			buildConfigurationList = E4F9FA261C35260B0016F0AC /* Build configuration list for PBXProject "photoboard" */;
			compatibilityVersion = "Xcode 3.2";
			developmentRegion = English;
			hasScannedForEncodings = 0;
			knownRegions = (
				en,
				Base,
			);
			mainGroup = E4F9FA221C35260B0016F0AC;
			productRefGroup = E4F9FA221C35260B0016F0AC;
			projectDirPath = "";
			projectRoot = "";
			targets = (
				E4F9FA2A1C35260B0016F0AC /* photoboard */,
				E4F9FA3E1C35260B0016F0AC /* photoboardTests */,
				E4F9FA491C35260B0016F0AC /* photoboardUITests */,
			);
		};
/* End PBXProject section */

/* Begin PBXResourcesBuildPhase section */
		E4F9FA291C35260B0016F0AC /* Resources */ = {
			isa = PBXResourcesBuildPhase;
			buildActionMask = 2147483647;
			files = (
				E424B0BA1C5C67B900F47235 /* cat.jpg in Resources */,
				E4F9FA391C35260B0016F0AC /* LaunchScreen.storyboard in Resources */,
				E4723D7E1C81BFB4000D8235 /* photo.png in Resources */,
				E4723D7D1C81BFB4000D8235 /* camera.png in Resources */,
				E4F9FA341C35260B0016F0AC /* Main.storyboard in Resources */,
				E4723D811C81C634000D8235 /* camera@2x.png in Resources */,
				E4723D821C81C634000D8235 /* photo@2x.png in Resources */,
			);
			runOnlyForDeploymentPostprocessing = 0;
		};
		E4F9FA3D1C35260B0016F0AC /* Resources */ = {
			isa = PBXResourcesBuildPhase;
			buildActionMask = 2147483647;
			files = (
			);
			runOnlyForDeploymentPostprocessing = 0;
		};
		E4F9FA481C35260B0016F0AC /* Resources */ = {
			isa = PBXResourcesBuildPhase;
			buildActionMask = 2147483647;
			files = (
			);
			runOnlyForDeploymentPostprocessing = 0;
		};
/* End PBXResourcesBuildPhase section */

/* Begin PBXShellScriptBuildPhase section */
		E4723D6D1C7F4B2E000D8235 /* ShellScript */ = {
			isa = PBXShellScriptBuildPhase;
			buildActionMask = 2147483647;
			files = (
			);
			inputPaths = (
			);
			outputPaths = (
			);
			runOnlyForDeploymentPostprocessing = 0;
			shellPath = /bin/sh;
			shellScript = "if which swiftlint >/dev/null; then\n    swiftlint\nelse\n    echo \"SwiftLint does not exist, download from https://github.com/realm/SwiftLint\"\nfi";
		};
/* End PBXShellScriptBuildPhase section */

/* Begin PBXSourcesBuildPhase section */
		E4F9FA271C35260B0016F0AC /* Sources */ = {
			isa = PBXSourcesBuildPhase;
			buildActionMask = 2147483647;
			files = (
				E48BB2751C39468A00CE518A /* BoardCollectionView.swift in Sources */,
				E48FA04A1C5E2BF000C88CB2 /* photoboard.xcdatamodeld in Sources */,
				E42CA7AB1C66278100CA3D4C /* RepositoryContainer.swift in Sources */,
				E47657EF1C411B1F00B10A7E /* DraggableCollectionSlideOnDrag.swift in Sources */,
				E47657ED1C40142400B10A7E /* DraggableCollectionDataSource.swift in Sources */,
				E4B64FD41C5F9E2C0091D9DC /* BoardInfoDataStore.swift in Sources */,
				E424B0C01C5C6DB200F47235 /* HomeCollectionView.swift in Sources */,
				E475EB521C775EA3005E3F7A /* BoardBodyRepository.swift in Sources */,
				E4F1F48E1C678D1F006A06EF /* BoardBodyEntity.swift in Sources */,
				E42CA7A71C660EA700CA3D4C /* UseCase.swift in Sources */,
				E475EB501C74C6D8005E3F7A /* BoardPhotoDataStore.swift in Sources */,
				E4F9FA311C35260B0016F0AC /* HomeViewController.swift in Sources */,
				E45B9B3E1C6CD18F00299141 /* BoardPhotoMapper.swift in Sources */,
				E475EB561C79A0A6005E3F7A /* BoardBodyViewModel.swift in Sources */,
				E48FA0401C5DC0AF00C88CB2 /* Task.swift in Sources */,
				E45B9B3C1C6CCD5200299141 /* BoardBodyMapper.swift in Sources */,
				E4F508821C64D28C007E8065 /* BoardInfoRepository.swift in Sources */,
				E4167ECD1C5E5FEE00BF563A /* GetBoardBodyUseCase.swift in Sources */,
				E4F1F48D1C678D1F006A06EF /* BoardBodyEntity+CoreDataProperties.swift in Sources */,
				E41DD3E11C3AB33400FA6F93 /* BoardCollectionViewLayout.swift in Sources */,
				E46D4DD11C37F2DE00A8E12A /* BoardPresenter.swift in Sources */,
				E424B0BE1C5C6BCB00F47235 /* HomeCollectionViewLayout.swift in Sources */,
				E475EB441C708888005E3F7A /* AddBoardPhotoUseCase.swift in Sources */,
				E4F1F48B1C678D1F006A06EF /* BoardInfoEntity+CoreDataProperties.swift in Sources */,
				E48FA0351C5D20D200C88CB2 /* BoardBody.swift in Sources */,
				E475EB541C776003005E3F7A /* BoardDataBodyRepository.swift in Sources */,
				E48BB2731C39444800CE518A /* BoardCollectionViewCell.swift in Sources */,
				E48176001C64F4090005AF19 /* TaskManager.swift in Sources */,
				E4F1F48F1C678D1F006A06EF /* BoardPhotoEntity+CoreDataProperties.swift in Sources */,
				E4F1F4901C678D1F006A06EF /* BoardPhotoEntity.swift in Sources */,
				E48FA0371C5D20FD00C88CB2 /* BoadPhoto.swift in Sources */,
				E424B0BC1C5C6B8900F47235 /* HomeCollectionViewCell.swift in Sources */,
				E475EB481C7216AF005E3F7A /* MoveBoardPhotoUseCase.swift in Sources */,
				E475EB4E1C74C118005E3F7A /* CoreDataStore.swift in Sources */,
				E4F1F48C1C678D1F006A06EF /* BoardInfoEntity.swift in Sources */,
				E46D4DD61C37FB3300A8E12A /* PresenterContainer.swift in Sources */,
				E475EB4C1C74BC52005E3F7A /* CoreDataEntity.swift in Sources */,
				E4F9FA2F1C35260B0016F0AC /* AppDelegate.swift in Sources */,
				E48FA03C1C5DBDD300C88CB2 /* GetBoardInfoListUseCase.swift in Sources */,
				E4F5087D1C63B50D007E8065 /* BoardInfoMapper.swift in Sources */,
				E4B64FD81C5FA1300091D9DC /* CoreDataManager.swift in Sources */,
				E492FE661C3C1A7300BA9784 /* DraggableCollectionView.swift in Sources */,
				E45B9B3A1C6C8D2700299141 /* CreateNewBoardUseCase.swift in Sources */,
				E46D4DCD1C37EA9000A8E12A /* CameraControllerFactory.swift in Sources */,
				E48FA0331C5D208C00C88CB2 /* BoardInfo.swift in Sources */,
				E475EB461C708A1C005E3F7A /* BoardBodyDataStore.swift in Sources */,
				E46D4DCF1C37F10000A8E12A /* HomePresenter.swift in Sources */,
				E4F9FA5D1C366E380016F0AC /* BoardViewController.swift in Sources */,
				E4F508801C64D218007E8065 /* BoardInfoDataRepository.swift in Sources */,
			);
			runOnlyForDeploymentPostprocessing = 0;
		};
		E4F9FA3B1C35260B0016F0AC /* Sources */ = {
			isa = PBXSourcesBuildPhase;
			buildActionMask = 2147483647;
			files = (
				E4F1F4BE1C6B9EE7006A06EF /* BoardInfoMapperTestCase.swift in Sources */,
				E4F9FA441C35260B0016F0AC /* photoboardTests.swift in Sources */,
				E4723D621C7B5E0C000D8235 /* BoardBodyDataStoreTestCase.swift in Sources */,
				E4F1F4BA1C6A3589006A06EF /* BoardInfoDataStoreTestCase.swift in Sources */,
				E4723D781C81A6CA000D8235 /* BoardInfoTestCase.swift in Sources */,
				E4723D6A1C7CAC07000D8235 /* BoardPhotoMapperTestCase.swift in Sources */,
				E4723D6C1C7CADC9000D8235 /* CoreDataEntityTestCase.swift in Sources */,
				E4723D661C7B680C000D8235 /* BoardBodyDataRepositoryTestCase.swift in Sources */,
				E4723D741C819F1A000D8235 /* BoardBodyTestCase.swift in Sources */,
				E4723D641C7B6256000D8235 /* BoardPhotoDataStoreTestCase.swift in Sources */,
				E4723D761C81A5F5000D8235 /* BoardPhotoTestCase.swift in Sources */,
				E4F1F4BC1C6B9D5C006A06EF /* BoardInfoDataRepositoryTestCase.swift in Sources */,
				E4723D681C7CAA6B000D8235 /* BoardBodyMapperTestCase.swift in Sources */,
				E4F1F4AF1C6A1AF4006A06EF /* CoreDataManagerTestCase.swift in Sources */,
				E4723D721C8188BC000D8235 /* DataStoreUtil.swift in Sources */,
			);
			runOnlyForDeploymentPostprocessing = 0;
		};
		E4F9FA461C35260B0016F0AC /* Sources */ = {
			isa = PBXSourcesBuildPhase;
			buildActionMask = 2147483647;
			files = (
				E4F9FA4F1C35260B0016F0AC /* photoboardUITests.swift in Sources */,
			);
			runOnlyForDeploymentPostprocessing = 0;
		};
/* End PBXSourcesBuildPhase section */

/* Begin PBXTargetDependency section */
		E4F9FA411C35260B0016F0AC /* PBXTargetDependency */ = {
			isa = PBXTargetDependency;
			target = E4F9FA2A1C35260B0016F0AC /* photoboard */;
			targetProxy = E4F9FA401C35260B0016F0AC /* PBXContainerItemProxy */;
		};
		E4F9FA4C1C35260B0016F0AC /* PBXTargetDependency */ = {
			isa = PBXTargetDependency;
			target = E4F9FA2A1C35260B0016F0AC /* photoboard */;
			targetProxy = E4F9FA4B1C35260B0016F0AC /* PBXContainerItemProxy */;
		};
/* End PBXTargetDependency section */

/* Begin PBXVariantGroup section */
		E4F9FA321C35260B0016F0AC /* Main.storyboard */ = {
			isa = PBXVariantGroup;
			children = (
				E4F9FA331C35260B0016F0AC /* Base */,
			);
			name = Main.storyboard;
			sourceTree = "<group>";
		};
		E4F9FA371C35260B0016F0AC /* LaunchScreen.storyboard */ = {
			isa = PBXVariantGroup;
			children = (
				E4F9FA381C35260B0016F0AC /* Base */,
			);
			name = LaunchScreen.storyboard;
			sourceTree = "<group>";
		};
/* End PBXVariantGroup section */

/* Begin XCBuildConfiguration section */
		E4F1F4B31C6A22D5006A06EF /* Test */ = {
			isa = XCBuildConfiguration;
			buildSettings = {
				ALWAYS_SEARCH_USER_PATHS = NO;
				CLANG_CXX_LANGUAGE_STANDARD = "gnu++0x";
				CLANG_CXX_LIBRARY = "libc++";
				CLANG_ENABLE_MODULES = YES;
				CLANG_ENABLE_OBJC_ARC = YES;
				CLANG_WARN_BOOL_CONVERSION = YES;
				CLANG_WARN_CONSTANT_CONVERSION = YES;
				CLANG_WARN_DIRECT_OBJC_ISA_USAGE = YES_ERROR;
				CLANG_WARN_EMPTY_BODY = YES;
				CLANG_WARN_ENUM_CONVERSION = YES;
				CLANG_WARN_INT_CONVERSION = YES;
				CLANG_WARN_OBJC_ROOT_CLASS = YES_ERROR;
				CLANG_WARN_UNREACHABLE_CODE = YES;
				CLANG_WARN__DUPLICATE_METHOD_MATCH = YES;
				"CODE_SIGN_IDENTITY[sdk=iphoneos*]" = "iPhone Developer";
				COPY_PHASE_STRIP = NO;
				DEBUG_INFORMATION_FORMAT = dwarf;
				ENABLE_STRICT_OBJC_MSGSEND = YES;
				ENABLE_TESTABILITY = YES;
				GCC_C_LANGUAGE_STANDARD = gnu99;
				GCC_DYNAMIC_NO_PIC = NO;
				GCC_NO_COMMON_BLOCKS = YES;
				GCC_OPTIMIZATION_LEVEL = 0;
				GCC_PREPROCESSOR_DEFINITIONS = (
					"DEBUG=1",
					"$(inherited)",
				);
				GCC_WARN_64_TO_32_BIT_CONVERSION = YES;
				GCC_WARN_ABOUT_RETURN_TYPE = YES_ERROR;
				GCC_WARN_UNDECLARED_SELECTOR = YES;
				GCC_WARN_UNINITIALIZED_AUTOS = YES_AGGRESSIVE;
				GCC_WARN_UNUSED_FUNCTION = YES;
				GCC_WARN_UNUSED_VARIABLE = YES;
				IPHONEOS_DEPLOYMENT_TARGET = 9.2;
				MTL_ENABLE_DEBUG_INFO = YES;
				ONLY_ACTIVE_ARCH = YES;
				SDKROOT = iphoneos;
				SWIFT_OPTIMIZATION_LEVEL = "-Onone";
				TARGETED_DEVICE_FAMILY = "1,2";
			};
			name = Test;
		};
		E4F1F4B41C6A22D5006A06EF /* Test */ = {
			isa = XCBuildConfiguration;
			buildSettings = {
				CODE_SIGN_IDENTITY = "iPhone Developer";
				"CODE_SIGN_IDENTITY[sdk=iphoneos*]" = "iPhone Developer";
				GCC_PREPROCESSOR_DEFINITIONS = (
					"$(inherited)",
					"DEBUG=1",
					"TESTING=1",
				);
				INFOPLIST_FILE = photoboard/Info.plist;
				LD_RUNPATH_SEARCH_PATHS = "$(inherited) @executable_path/Frameworks";
				OTHER_SWIFT_FLAGS = "-D DEBUG -D TESTING";
				PRODUCT_BUNDLE_IDENTIFIER = com.tohrinagi.photoboard;
				PRODUCT_NAME = "$(TARGET_NAME)";
				PROVISIONING_PROFILE = "";
			};
			name = Test;
		};
		E4F1F4B51C6A22D5006A06EF /* Test */ = {
			isa = XCBuildConfiguration;
			buildSettings = {
				BUNDLE_LOADER = "$(TEST_HOST)";
				GCC_PREPROCESSOR_DEFINITIONS = (
					"DEBUG=1",
					"$(inherited)",
					"TESTING=1",
				);
				INFOPLIST_FILE = photoboardTests/Info.plist;
				LD_RUNPATH_SEARCH_PATHS = "$(inherited) @executable_path/Frameworks @loader_path/Frameworks";
				PRODUCT_BUNDLE_IDENTIFIER = com.tohrinagi.photoboardTests;
				PRODUCT_NAME = "$(TARGET_NAME)";
				TEST_HOST = "$(BUILT_PRODUCTS_DIR)/photoboard.app/photoboard";
			};
			name = Test;
		};
		E4F1F4B61C6A22D5006A06EF /* Test */ = {
			isa = XCBuildConfiguration;
			buildSettings = {
				GCC_PREPROCESSOR_DEFINITIONS = (
					"DEBUG=1",
					"$(inherited)",
					"TESTING=1",
				);
				INFOPLIST_FILE = photoboardUITests/Info.plist;
				LD_RUNPATH_SEARCH_PATHS = "$(inherited) @executable_path/Frameworks @loader_path/Frameworks";
				PRODUCT_BUNDLE_IDENTIFIER = com.tohrinagi.photoboardUITests;
				PRODUCT_NAME = "$(TARGET_NAME)";
				TEST_TARGET_NAME = photoboard;
				USES_XCTRUNNER = YES;
			};
			name = Test;
		};
		E4F9FA511C35260B0016F0AC /* Debug */ = {
			isa = XCBuildConfiguration;
			buildSettings = {
				ALWAYS_SEARCH_USER_PATHS = NO;
				CLANG_CXX_LANGUAGE_STANDARD = "gnu++0x";
				CLANG_CXX_LIBRARY = "libc++";
				CLANG_ENABLE_MODULES = YES;
				CLANG_ENABLE_OBJC_ARC = YES;
				CLANG_WARN_BOOL_CONVERSION = YES;
				CLANG_WARN_CONSTANT_CONVERSION = YES;
				CLANG_WARN_DIRECT_OBJC_ISA_USAGE = YES_ERROR;
				CLANG_WARN_EMPTY_BODY = YES;
				CLANG_WARN_ENUM_CONVERSION = YES;
				CLANG_WARN_INT_CONVERSION = YES;
				CLANG_WARN_OBJC_ROOT_CLASS = YES_ERROR;
				CLANG_WARN_UNREACHABLE_CODE = YES;
				CLANG_WARN__DUPLICATE_METHOD_MATCH = YES;
				"CODE_SIGN_IDENTITY[sdk=iphoneos*]" = "iPhone Developer";
				COPY_PHASE_STRIP = NO;
				DEBUG_INFORMATION_FORMAT = dwarf;
				ENABLE_STRICT_OBJC_MSGSEND = YES;
				ENABLE_TESTABILITY = YES;
				GCC_C_LANGUAGE_STANDARD = gnu99;
				GCC_DYNAMIC_NO_PIC = NO;
				GCC_NO_COMMON_BLOCKS = YES;
				GCC_OPTIMIZATION_LEVEL = 0;
				GCC_PREPROCESSOR_DEFINITIONS = (
					"DEBUG=1",
					"$(inherited)",
				);
				GCC_WARN_64_TO_32_BIT_CONVERSION = YES;
				GCC_WARN_ABOUT_RETURN_TYPE = YES_ERROR;
				GCC_WARN_UNDECLARED_SELECTOR = YES;
				GCC_WARN_UNINITIALIZED_AUTOS = YES_AGGRESSIVE;
				GCC_WARN_UNUSED_FUNCTION = YES;
				GCC_WARN_UNUSED_VARIABLE = YES;
				IPHONEOS_DEPLOYMENT_TARGET = 9.2;
				MTL_ENABLE_DEBUG_INFO = YES;
				ONLY_ACTIVE_ARCH = YES;
				SDKROOT = iphoneos;
				SWIFT_OPTIMIZATION_LEVEL = "-Onone";
				TARGETED_DEVICE_FAMILY = "1,2";
			};
			name = Debug;
		};
		E4F9FA521C35260B0016F0AC /* Release */ = {
			isa = XCBuildConfiguration;
			buildSettings = {
				ALWAYS_SEARCH_USER_PATHS = NO;
				CLANG_CXX_LANGUAGE_STANDARD = "gnu++0x";
				CLANG_CXX_LIBRARY = "libc++";
				CLANG_ENABLE_MODULES = YES;
				CLANG_ENABLE_OBJC_ARC = YES;
				CLANG_WARN_BOOL_CONVERSION = YES;
				CLANG_WARN_CONSTANT_CONVERSION = YES;
				CLANG_WARN_DIRECT_OBJC_ISA_USAGE = YES_ERROR;
				CLANG_WARN_EMPTY_BODY = YES;
				CLANG_WARN_ENUM_CONVERSION = YES;
				CLANG_WARN_INT_CONVERSION = YES;
				CLANG_WARN_OBJC_ROOT_CLASS = YES_ERROR;
				CLANG_WARN_UNREACHABLE_CODE = YES;
				CLANG_WARN__DUPLICATE_METHOD_MATCH = YES;
				"CODE_SIGN_IDENTITY[sdk=iphoneos*]" = "iPhone Developer";
				COPY_PHASE_STRIP = NO;
				DEBUG_INFORMATION_FORMAT = "dwarf-with-dsym";
				ENABLE_NS_ASSERTIONS = NO;
				ENABLE_STRICT_OBJC_MSGSEND = YES;
				GCC_C_LANGUAGE_STANDARD = gnu99;
				GCC_NO_COMMON_BLOCKS = YES;
				GCC_WARN_64_TO_32_BIT_CONVERSION = YES;
				GCC_WARN_ABOUT_RETURN_TYPE = YES_ERROR;
				GCC_WARN_UNDECLARED_SELECTOR = YES;
				GCC_WARN_UNINITIALIZED_AUTOS = YES_AGGRESSIVE;
				GCC_WARN_UNUSED_FUNCTION = YES;
				GCC_WARN_UNUSED_VARIABLE = YES;
				IPHONEOS_DEPLOYMENT_TARGET = 9.2;
				MTL_ENABLE_DEBUG_INFO = NO;
				SDKROOT = iphoneos;
				TARGETED_DEVICE_FAMILY = "1,2";
				VALIDATE_PRODUCT = YES;
			};
			name = Release;
		};
		E4F9FA541C35260B0016F0AC /* Debug */ = {
			isa = XCBuildConfiguration;
			buildSettings = {
				CODE_SIGN_IDENTITY = "iPhone Developer";
				"CODE_SIGN_IDENTITY[sdk=iphoneos*]" = "iPhone Developer";
				INFOPLIST_FILE = photoboard/Info.plist;
				LD_RUNPATH_SEARCH_PATHS = "$(inherited) @executable_path/Frameworks";
				OTHER_SWIFT_FLAGS = "-D DEBUG";
				PRODUCT_BUNDLE_IDENTIFIER = com.tohrinagi.photoboard;
				PRODUCT_NAME = "$(TARGET_NAME)";
				PROVISIONING_PROFILE = "";
			};
			name = Debug;
		};
		E4F9FA551C35260B0016F0AC /* Release */ = {
			isa = XCBuildConfiguration;
			buildSettings = {
				CODE_SIGN_IDENTITY = "iPhone Developer";
				"CODE_SIGN_IDENTITY[sdk=iphoneos*]" = "iPhone Developer";
				INFOPLIST_FILE = photoboard/Info.plist;
				LD_RUNPATH_SEARCH_PATHS = "$(inherited) @executable_path/Frameworks";
				PRODUCT_BUNDLE_IDENTIFIER = com.tohrinagi.photoboard;
				PRODUCT_NAME = "$(TARGET_NAME)";
				PROVISIONING_PROFILE = "";
			};
			name = Release;
		};
		E4F9FA571C35260B0016F0AC /* Debug */ = {
			isa = XCBuildConfiguration;
			buildSettings = {
				BUNDLE_LOADER = "$(TEST_HOST)";
				INFOPLIST_FILE = photoboardTests/Info.plist;
				LD_RUNPATH_SEARCH_PATHS = "$(inherited) @executable_path/Frameworks @loader_path/Frameworks";
				PRODUCT_BUNDLE_IDENTIFIER = com.tohrinagi.photoboardTests;
				PRODUCT_NAME = "$(TARGET_NAME)";
				TEST_HOST = "$(BUILT_PRODUCTS_DIR)/photoboard.app/photoboard";
			};
			name = Debug;
		};
		E4F9FA581C35260B0016F0AC /* Release */ = {
			isa = XCBuildConfiguration;
			buildSettings = {
				BUNDLE_LOADER = "$(TEST_HOST)";
				INFOPLIST_FILE = photoboardTests/Info.plist;
				LD_RUNPATH_SEARCH_PATHS = "$(inherited) @executable_path/Frameworks @loader_path/Frameworks";
				PRODUCT_BUNDLE_IDENTIFIER = com.tohrinagi.photoboardTests;
				PRODUCT_NAME = "$(TARGET_NAME)";
				TEST_HOST = "$(BUILT_PRODUCTS_DIR)/photoboard.app/photoboard";
			};
			name = Release;
		};
		E4F9FA5A1C35260B0016F0AC /* Debug */ = {
			isa = XCBuildConfiguration;
			buildSettings = {
				INFOPLIST_FILE = photoboardUITests/Info.plist;
				LD_RUNPATH_SEARCH_PATHS = "$(inherited) @executable_path/Frameworks @loader_path/Frameworks";
				PRODUCT_BUNDLE_IDENTIFIER = com.tohrinagi.photoboardUITests;
				PRODUCT_NAME = "$(TARGET_NAME)";
				TEST_TARGET_NAME = photoboard;
				USES_XCTRUNNER = YES;
			};
			name = Debug;
		};
		E4F9FA5B1C35260B0016F0AC /* Release */ = {
			isa = XCBuildConfiguration;
			buildSettings = {
				INFOPLIST_FILE = photoboardUITests/Info.plist;
				LD_RUNPATH_SEARCH_PATHS = "$(inherited) @executable_path/Frameworks @loader_path/Frameworks";
				PRODUCT_BUNDLE_IDENTIFIER = com.tohrinagi.photoboardUITests;
				PRODUCT_NAME = "$(TARGET_NAME)";
				TEST_TARGET_NAME = photoboard;
				USES_XCTRUNNER = YES;
			};
			name = Release;
		};
/* End XCBuildConfiguration section */

/* Begin XCConfigurationList section */
		E4F9FA261C35260B0016F0AC /* Build configuration list for PBXProject "photoboard" */ = {
			isa = XCConfigurationList;
			buildConfigurations = (
				E4F9FA511C35260B0016F0AC /* Debug */,
				E4F1F4B31C6A22D5006A06EF /* Test */,
				E4F9FA521C35260B0016F0AC /* Release */,
			);
			defaultConfigurationIsVisible = 0;
			defaultConfigurationName = Release;
		};
		E4F9FA531C35260B0016F0AC /* Build configuration list for PBXNativeTarget "photoboard" */ = {
			isa = XCConfigurationList;
			buildConfigurations = (
				E4F9FA541C35260B0016F0AC /* Debug */,
				E4F1F4B41C6A22D5006A06EF /* Test */,
				E4F9FA551C35260B0016F0AC /* Release */,
			);
			defaultConfigurationIsVisible = 0;
			defaultConfigurationName = Release;
		};
		E4F9FA561C35260B0016F0AC /* Build configuration list for PBXNativeTarget "photoboardTests" */ = {
			isa = XCConfigurationList;
			buildConfigurations = (
				E4F9FA571C35260B0016F0AC /* Debug */,
				E4F1F4B51C6A22D5006A06EF /* Test */,
				E4F9FA581C35260B0016F0AC /* Release */,
			);
			defaultConfigurationIsVisible = 0;
			defaultConfigurationName = Release;
		};
		E4F9FA591C35260B0016F0AC /* Build configuration list for PBXNativeTarget "photoboardUITests" */ = {
			isa = XCConfigurationList;
			buildConfigurations = (
				E4F9FA5A1C35260B0016F0AC /* Debug */,
				E4F1F4B61C6A22D5006A06EF /* Test */,
				E4F9FA5B1C35260B0016F0AC /* Release */,
			);
			defaultConfigurationIsVisible = 0;
			defaultConfigurationName = Release;
		};
/* End XCConfigurationList section */

/* Begin XCVersionGroup section */
		E48FA0481C5E2BF000C88CB2 /* photoboard.xcdatamodeld */ = {
			isa = XCVersionGroup;
			children = (
				E48FA0491C5E2BF000C88CB2 /* photoboard.xcdatamodel */,
			);
			currentVersion = E48FA0491C5E2BF000C88CB2 /* photoboard.xcdatamodel */;
			path = photoboard.xcdatamodeld;
			sourceTree = SOURCE_ROOT;
			versionGroupType = wrapper.xcdatamodel;
		};
/* End XCVersionGroup section */
	};
	rootObject = E4F9FA231C35260B0016F0AC /* Project object */;
}
